
Microsoft Visual Studio Solution File, Format Version 12.00
# Visual Studio 15
VisualStudioVersion = 15.0.33403.129
MinimumVisualStudioVersion = 10.0.40219.1
Project("{FAE04EC0-301F-11D3-BF4B-00C04F79EFBC}") = "DataAccess", "DataAccess\DataAccess.csproj", "{030F650F-475D-44B9-96F0-81F987A7F50A}"
EndProject
Project("{FAE04EC0-301F-11D3-BF4B-00C04F79EFBC}") = "Business", "Business\Business.csproj", "{F1A98B19-401B-4F2B-97F3-892A01C66A37}"
EndProject
Project("{FAE04EC0-301F-11D3-BF4B-00C04F79EFBC}") = "Entities", "Entities\Entities.csproj", "{AECF060A-C75A-4F91-A3A5-5234DEF94F52}"
EndProject
Project("{FAE04EC0-301F-11D3-BF4B-00C04F79EFBC}") = "Forms", "Forms\Forms.csproj", "{7B849B01-4D65-4646-B0D2-C3D95955AC2D}"
EndProject
Global
	GlobalSection(SolutionConfigurationPlatforms) = preSolution
		Debug|Any CPU = Debug|Any CPU
		Release|Any CPU = Release|Any CPU
	EndGlobalSection
	GlobalSection(ProjectConfigurationPlatforms) = postSolution
		{030F650F-475D-44B9-96F0-81F987A7F50A}.Debug|Any CPU.ActiveCfg = Debug|Any CPU
		{030F650F-475D-44B9-96F0-81F987A7F50A}.Debug|Any CPU.Build.0 = Debug|Any CPU
		{030F650F-475D-44B9-96F0-81F987A7F50A}.Release|Any CPU.ActiveCfg = Release|Any CPU
		{030F650F-475D-44B9-96F0-81F987A7F50A}.Release|Any CPU.Build.0 = Release|Any CPU
		{F1A98B19-401B-4F2B-97F3-892A01C66A37}.Debug|Any CPU.ActiveCfg = Debug|Any CPU
		{F1A98B19-401B-4F2B-97F3-892A01C66A37}.Debug|Any CPU.Build.0 = Debug|Any CPU
		{F1A98B19-401B-4F2B-97F3-892A01C66A37}.Release|Any CPU.ActiveCfg = Release|Any CPU
		{F1A98B19-401B-4F2B-97F3-892A01C66A37}.Release|Any CPU.Build.0 = Release|Any CPU
		{AECF060A-C75A-4F91-A3A5-5234DEF94F52}.Debug|Any CPU.ActiveCfg = Debug|Any CPU
		{AECF060A-C75A-4F91-A3A5-5234DEF94F52}.Debug|Any CPU.Build.0 = Debug|Any CPU
		{AECF060A-C75A-4F91-A3A5-5234DEF94F52}.Release|Any CPU.ActiveCfg = Release|Any CPU
		{AECF060A-C75A-4F91-A3A5-5234DEF94F52}.Release|Any CPU.Build.0 = Release|Any CPU
		{7B849B01-4D65-4646-B0D2-C3D95955AC2D}.Debug|Any CPU.ActiveCfg = Debug|Any CPU
		{7B849B01-4D65-4646-B0D2-C3D95955AC2D}.Debug|Any CPU.Build.0 = Debug|Any CPU
		{7B849B01-4D65-4646-B0D2-C3D95955AC2D}.Release|Any CPU.ActiveCfg = Release|Any CPU
		{7B849B01-4D65-4646-B0D2-C3D95955AC2D}.Release|Any CPU.Build.0 = Release|Any CPU
	EndGlobalSection
	GlobalSection(SolutionProperties) = preSolution
		HideSolutionNode = FALSE
	EndGlobalSection
	GlobalSection(ExtensibilityGlobals) = postSolution
		SolutionGuid = {BCCA1051-C44A-4D04-B37D-5AF700CF6822}
	EndGlobalSection
EndGlobal
